
Microsoft Visual Studio Solution File, Format Version 12.00
# Visual Studio 15
Project("{FAE04EC0-301F-11D3-BF4B-00C04F79EFBC}") = "RPG!@1", "RPG!@1.csproj", "{F3F44296-EB86-06C3-F50A-02D636717FCE}"
EndProject
Global
	GlobalSection(SolutionConfigurationPlatforms) = preSolution
		Debug|Any CPU = Debug|Any CPU
		Release|Any CPU = Release|Any CPU
	EndGlobalSection
	GlobalSection(ProjectConfigurationPlatforms) = postSolution
		{F3F44296-EB86-06C3-F50A-02D636717FCE}.Debug|Any CPU.ActiveCfg = Debug|Any CPU
		{F3F44296-EB86-06C3-F50A-02D636717FCE}.Debug|Any CPU.Build.0 = Debug|Any CPU
		{F3F44296-EB86-06C3-F50A-02D636717FCE}.Release|Any CPU.ActiveCfg = Release|Any CPU
		{F3F44296-EB86-06C3-F50A-02D636717FCE}.Release|Any CPU.Build.0 = Release|Any CPU
	EndGlobalSection
	GlobalSection(SolutionProperties) = preSolution
		HideSolutionNode = FALSE
	EndGlobalSection
EndGlobal
